# This file was autogenerated by Stack.
# You should not edit this file by hand.
# For more information, please see the documentation at:
#   https://docs.haskellstack.org/en/stable/lock_files

packages:
- completed:
    size: 7575
    url: https://github.com/reouno/servant-crud/archive/0.1.1.0.tar.gz
    cabal-file:
      size: 1904
      sha256: 5439a0844a1551c87ff3fadfea1b43dbab5006cb3e68355a7e7bc0affb869b29
    name: servant-crud
    version: 0.1.0.0
    sha256: de233ad5ab25a894bda29b285dc67a318350c380a308207a35dc2a5f69ee9a83
    pantry-tree:
      size: 1072
      sha256: fc0c73a2666a31d24d6134823d3a41eeee0662917ece005dc8d677f59f8852fe
  original:
    url: https://github.com/reouno/servant-crud/archive/0.1.1.0.tar.gz
snapshots:
- completed:
    size: 525663
    url: https://raw.githubusercontent.com/commercialhaskell/stackage-snapshots/master/lts/14/14.yaml
    sha256: 6edc48df46eb8bf7b861e98dd30d021a92c2e1820c9bb6528aac5d997b0e14ef
  original: lts-14.14
